
Microsoft Visual Studio Solution File, Format Version 12.00
# Visual Studio Version 17
VisualStudioVersion = 17.0.31919.166
MinimumVisualStudioVersion = 10.0.40219.1
Project("{9A19103F-16F7-4668-BE54-9A1E7A4F7556}") = "ITS2022-C", "ITS2022-C\ITS2022-C.csproj", "{CDCA2B36-7777-4F75-9A8E-A9C5A6E3E252}"
EndProject
Project("{9A19103F-16F7-4668-BE54-9A1E7A4F7556}") = "ITS2022-C.Library", "ITS2022-C.Library\ITS2022-C.Library.csproj", "{980E612B-1580-4029-A4B8-42BB5BDFA745}"
EndProject
Project("{9A19103F-16F7-4668-BE54-9A1E7A4F7556}") = "ITS2022-C.Properties", "ITS2022-C.Properties\ITS2022-C.Properties.csproj", "{359FD1F7-FF6D-4AFA-A387-2D59604D4DF3}"
EndProject
Project("{9A19103F-16F7-4668-BE54-9A1E7A4F7556}") = "ITS2022-C.Biblioteca", "ITS2022-C.Biblioteca\ITS2022-C.Biblioteca.csproj", "{EDD5AEF0-903C-4EAC-ACED-6792793D2C6C}"
EndProject
Project("{9A19103F-16F7-4668-BE54-9A1E7A4F7556}") = "ITS2022-C.Factory", "ITS2022-C.Factory\ITS2022-C.Factory.csproj", "{B2AFA1F4-44D5-4460-B74D-DF1FD5303BF7}"
EndProject
Project("{9A19103F-16F7-4668-BE54-9A1E7A4F7556}") = "ITS2022-C.Paperino", "ITS2022-C.Paperino\ITS2022-C.Paperino.csproj", "{7C2EDC07-5D84-4895-8C11-7586A71AEF21}"
EndProject
Project("{9A19103F-16F7-4668-BE54-9A1E7A4F7556}") = "ITS2022-C.NoeFramework", "ITS2022-C.NoeFramework\ITS2022-C.NoeFramework.csproj", "{61648549-543C-4BB5-B23E-05B04681D09D}"
EndProject
Project("{9A19103F-16F7-4668-BE54-9A1E7A4F7556}") = "ITS2022-C.NoeFramework.Output", "ITS2022-C.NoeFramework.Output\ITS2022-C.NoeFramework.Output.csproj", "{86E9A2AF-E5E7-4E36-B8FB-FFA51EE0C7BF}"
EndProject
Project("{9A19103F-16F7-4668-BE54-9A1E7A4F7556}") = "ITS2022-C.NoeFrameworkWithInterfaces", "ITS2022-C.NoeFrameworkWithInterfaces\ITS2022-C.NoeFrameworkWithInterfaces.csproj", "{3B8306B1-928B-4B44-A0E6-AF3BA4FDA9FF}"
EndProject
Project("{2150E333-8FDC-42A3-9474-1A3956D46DE8}") = "TheScopaGame", "TheScopaGame", "{09B08648-BE3D-4D87-AC46-3CAE173AA172}"
EndProject
Project("{9A19103F-16F7-4668-BE54-9A1E7A4F7556}") = "TheScopaGame", "TheScopaGame\TheScopaGame.csproj", "{29E1C83C-39D4-4BE2-BF35-F1B85CABF739}"
EndProject
Project("{2150E333-8FDC-42A3-9474-1A3956D46DE8}") = "ThePokerGame", "ThePokerGame", "{10D51DD5-D7DA-4ED2-BB40-038195B15FB7}"
EndProject
Project("{9A19103F-16F7-4668-BE54-9A1E7A4F7556}") = "ThePokerGame", "ThePokerGame\ThePokerGame.csproj", "{D957B9E6-BA2A-4532-950F-B450EA0880BB}"
EndProject
Project("{2150E333-8FDC-42A3-9474-1A3956D46DE8}") = "CardGameFramework", "CardGameFramework", "{D3B7BB4A-22CA-4A1E-86D8-8CA03C600DE0}"
EndProject
Project("{9A19103F-16F7-4668-BE54-9A1E7A4F7556}") = "ITS2022-C.CardGameFramework", "ITS2022-C.CardGameFramework\ITS2022-C.CardGameFramework.csproj", "{CD36DF32-7B5D-43D8-BCFC-086DEFD94728}"
EndProject
Project("{FAE04EC0-301F-11D3-BF4B-00C04F79EFBC}") = "ThePokerGame.Test", "ThePokerGame.Test\ThePokerGame.Test.csproj", "{05EE8418-902A-4A48-9A16-2973CF8D1182}"
EndProject
Global
	GlobalSection(SolutionConfigurationPlatforms) = preSolution
		Debug|Any CPU = Debug|Any CPU
		Release|Any CPU = Release|Any CPU
	EndGlobalSection
	GlobalSection(ProjectConfigurationPlatforms) = postSolution
		{CDCA2B36-7777-4F75-9A8E-A9C5A6E3E252}.Debug|Any CPU.ActiveCfg = Debug|Any CPU
		{CDCA2B36-7777-4F75-9A8E-A9C5A6E3E252}.Debug|Any CPU.Build.0 = Debug|Any CPU
		{CDCA2B36-7777-4F75-9A8E-A9C5A6E3E252}.Release|Any CPU.ActiveCfg = Release|Any CPU
		{CDCA2B36-7777-4F75-9A8E-A9C5A6E3E252}.Release|Any CPU.Build.0 = Release|Any CPU
		{980E612B-1580-4029-A4B8-42BB5BDFA745}.Debug|Any CPU.ActiveCfg = Debug|Any CPU
		{980E612B-1580-4029-A4B8-42BB5BDFA745}.Debug|Any CPU.Build.0 = Debug|Any CPU
		{980E612B-1580-4029-A4B8-42BB5BDFA745}.Release|Any CPU.ActiveCfg = Release|Any CPU
		{980E612B-1580-4029-A4B8-42BB5BDFA745}.Release|Any CPU.Build.0 = Release|Any CPU
		{359FD1F7-FF6D-4AFA-A387-2D59604D4DF3}.Debug|Any CPU.ActiveCfg = Debug|Any CPU
		{359FD1F7-FF6D-4AFA-A387-2D59604D4DF3}.Debug|Any CPU.Build.0 = Debug|Any CPU
		{359FD1F7-FF6D-4AFA-A387-2D59604D4DF3}.Release|Any CPU.ActiveCfg = Release|Any CPU
		{359FD1F7-FF6D-4AFA-A387-2D59604D4DF3}.Release|Any CPU.Build.0 = Release|Any CPU
		{EDD5AEF0-903C-4EAC-ACED-6792793D2C6C}.Debug|Any CPU.ActiveCfg = Debug|Any CPU
		{EDD5AEF0-903C-4EAC-ACED-6792793D2C6C}.Debug|Any CPU.Build.0 = Debug|Any CPU
		{EDD5AEF0-903C-4EAC-ACED-6792793D2C6C}.Release|Any CPU.ActiveCfg = Release|Any CPU
		{EDD5AEF0-903C-4EAC-ACED-6792793D2C6C}.Release|Any CPU.Build.0 = Release|Any CPU
		{B2AFA1F4-44D5-4460-B74D-DF1FD5303BF7}.Debug|Any CPU.ActiveCfg = Debug|Any CPU
		{B2AFA1F4-44D5-4460-B74D-DF1FD5303BF7}.Debug|Any CPU.Build.0 = Debug|Any CPU
		{B2AFA1F4-44D5-4460-B74D-DF1FD5303BF7}.Release|Any CPU.ActiveCfg = Release|Any CPU
		{B2AFA1F4-44D5-4460-B74D-DF1FD5303BF7}.Release|Any CPU.Build.0 = Release|Any CPU
		{7C2EDC07-5D84-4895-8C11-7586A71AEF21}.Debug|Any CPU.ActiveCfg = Debug|Any CPU
		{7C2EDC07-5D84-4895-8C11-7586A71AEF21}.Debug|Any CPU.Build.0 = Debug|Any CPU
		{7C2EDC07-5D84-4895-8C11-7586A71AEF21}.Release|Any CPU.ActiveCfg = Release|Any CPU
		{7C2EDC07-5D84-4895-8C11-7586A71AEF21}.Release|Any CPU.Build.0 = Release|Any CPU
		{61648549-543C-4BB5-B23E-05B04681D09D}.Debug|Any CPU.ActiveCfg = Debug|Any CPU
		{61648549-543C-4BB5-B23E-05B04681D09D}.Debug|Any CPU.Build.0 = Debug|Any CPU
		{61648549-543C-4BB5-B23E-05B04681D09D}.Release|Any CPU.ActiveCfg = Release|Any CPU
		{61648549-543C-4BB5-B23E-05B04681D09D}.Release|Any CPU.Build.0 = Release|Any CPU
		{86E9A2AF-E5E7-4E36-B8FB-FFA51EE0C7BF}.Debug|Any CPU.ActiveCfg = Debug|Any CPU
		{86E9A2AF-E5E7-4E36-B8FB-FFA51EE0C7BF}.Debug|Any CPU.Build.0 = Debug|Any CPU
		{86E9A2AF-E5E7-4E36-B8FB-FFA51EE0C7BF}.Release|Any CPU.ActiveCfg = Release|Any CPU
		{86E9A2AF-E5E7-4E36-B8FB-FFA51EE0C7BF}.Release|Any CPU.Build.0 = Release|Any CPU
		{3B8306B1-928B-4B44-A0E6-AF3BA4FDA9FF}.Debug|Any CPU.ActiveCfg = Debug|Any CPU
		{3B8306B1-928B-4B44-A0E6-AF3BA4FDA9FF}.Debug|Any CPU.Build.0 = Debug|Any CPU
		{3B8306B1-928B-4B44-A0E6-AF3BA4FDA9FF}.Release|Any CPU.ActiveCfg = Release|Any CPU
		{3B8306B1-928B-4B44-A0E6-AF3BA4FDA9FF}.Release|Any CPU.Build.0 = Release|Any CPU
		{29E1C83C-39D4-4BE2-BF35-F1B85CABF739}.Debug|Any CPU.ActiveCfg = Debug|Any CPU
		{29E1C83C-39D4-4BE2-BF35-F1B85CABF739}.Debug|Any CPU.Build.0 = Debug|Any CPU
		{29E1C83C-39D4-4BE2-BF35-F1B85CABF739}.Release|Any CPU.ActiveCfg = Release|Any CPU
		{29E1C83C-39D4-4BE2-BF35-F1B85CABF739}.Release|Any CPU.Build.0 = Release|Any CPU
		{D957B9E6-BA2A-4532-950F-B450EA0880BB}.Debug|Any CPU.ActiveCfg = Debug|Any CPU
		{D957B9E6-BA2A-4532-950F-B450EA0880BB}.Debug|Any CPU.Build.0 = Debug|Any CPU
		{D957B9E6-BA2A-4532-950F-B450EA0880BB}.Release|Any CPU.ActiveCfg = Release|Any CPU
		{D957B9E6-BA2A-4532-950F-B450EA0880BB}.Release|Any CPU.Build.0 = Release|Any CPU
		{CD36DF32-7B5D-43D8-BCFC-086DEFD94728}.Debug|Any CPU.ActiveCfg = Debug|Any CPU
		{CD36DF32-7B5D-43D8-BCFC-086DEFD94728}.Debug|Any CPU.Build.0 = Debug|Any CPU
		{CD36DF32-7B5D-43D8-BCFC-086DEFD94728}.Release|Any CPU.ActiveCfg = Release|Any CPU
		{CD36DF32-7B5D-43D8-BCFC-086DEFD94728}.Release|Any CPU.Build.0 = Release|Any CPU
		{05EE8418-902A-4A48-9A16-2973CF8D1182}.Debug|Any CPU.ActiveCfg = Debug|Any CPU
		{05EE8418-902A-4A48-9A16-2973CF8D1182}.Debug|Any CPU.Build.0 = Debug|Any CPU
		{05EE8418-902A-4A48-9A16-2973CF8D1182}.Release|Any CPU.ActiveCfg = Release|Any CPU
		{05EE8418-902A-4A48-9A16-2973CF8D1182}.Release|Any CPU.Build.0 = Release|Any CPU
	EndGlobalSection
	GlobalSection(SolutionProperties) = preSolution
		HideSolutionNode = FALSE
	EndGlobalSection
	GlobalSection(NestedProjects) = preSolution
		{29E1C83C-39D4-4BE2-BF35-F1B85CABF739} = {09B08648-BE3D-4D87-AC46-3CAE173AA172}
		{D957B9E6-BA2A-4532-950F-B450EA0880BB} = {10D51DD5-D7DA-4ED2-BB40-038195B15FB7}
		{CD36DF32-7B5D-43D8-BCFC-086DEFD94728} = {D3B7BB4A-22CA-4A1E-86D8-8CA03C600DE0}
		{05EE8418-902A-4A48-9A16-2973CF8D1182} = {10D51DD5-D7DA-4ED2-BB40-038195B15FB7}
	EndGlobalSection
	GlobalSection(ExtensibilityGlobals) = postSolution
		SolutionGuid = {38B9DC43-5984-4A0C-9FB5-B532288AC324}
	EndGlobalSection
EndGlobal
